
Microsoft Visual Studio Solution File, Format Version 12.00
# Visual Studio 15
VisualStudioVersion = 15.0.28307.136
MinimumVisualStudioVersion = 10.0.40219.1
Project("{9A19103F-16F7-4668-BE54-9A1E7A4F7556}") = "Day01", "Day1\Day01.csproj", "{A91158D7-AC88-4E53-9985-414DAFF47A1B}"
EndProject
Project("{9A19103F-16F7-4668-BE54-9A1E7A4F7556}") = "Day02", "Day2\Day02.csproj", "{9EB7D724-9E45-40F3-8008-CDC4D4D3D773}"
EndProject
Project("{9A19103F-16F7-4668-BE54-9A1E7A4F7556}") = "Day03", "Day3\Day03.csproj", "{8416D992-9A4E-419B-A010-015BFECC41D2}"
EndProject
Project("{9A19103F-16F7-4668-BE54-9A1E7A4F7556}") = "Day04", "Day4\Day04.csproj", "{32CB1388-3627-405D-9746-DDE9C44E8EC9}"
EndProject
Project("{9A19103F-16F7-4668-BE54-9A1E7A4F7556}") = "Day05", "Day5\Day05.csproj", "{8830F447-C289-4F02-A31E-AB4DCB774737}"
EndProject
Project("{9A19103F-16F7-4668-BE54-9A1E7A4F7556}") = "Day06", "Day6\Day06.csproj", "{1D31436B-E405-44E0-95A9-28A9B89D4240}"
EndProject
Project("{9A19103F-16F7-4668-BE54-9A1E7A4F7556}") = "AdventUtilities", "AdventUtilities\AdventUtilities.csproj", "{43FC776C-9BD2-4888-9BAD-FCA8FCB61B64}"
EndProject
Project("{9A19103F-16F7-4668-BE54-9A1E7A4F7556}") = "Day07", "Day7\Day07.csproj", "{060D97B7-6D9C-45B0-9C4E-9E16AB6EDC38}"
EndProject
Project("{9A19103F-16F7-4668-BE54-9A1E7A4F7556}") = "Day08", "Day8\Day08.csproj", "{FF7643B8-BA7C-42DD-8A60-3E7714B34CE1}"
EndProject
Project("{9A19103F-16F7-4668-BE54-9A1E7A4F7556}") = "Day09", "Day9\Day09.csproj", "{6F1DE281-FB92-4449-9BCD-6B6A6D2024CB}"
EndProject
Project("{9A19103F-16F7-4668-BE54-9A1E7A4F7556}") = "Day10", "Day10\Day10.csproj", "{ABDC0AF8-ED00-4CAE-9C11-DF1020ACB39E}"
EndProject
Project("{9A19103F-16F7-4668-BE54-9A1E7A4F7556}") = "Day11", "Day11\Day11.csproj", "{35C11CB9-3CEE-4C7A-8F79-C1E3DFA0ED9D}"
EndProject
Project("{9A19103F-16F7-4668-BE54-9A1E7A4F7556}") = "Day12", "Day12\Day12.csproj", "{F3D99536-D6DF-4DCA-B06C-B4D63BB2CC1B}"
EndProject
Project("{9A19103F-16F7-4668-BE54-9A1E7A4F7556}") = "Day13", "Day13\Day13.csproj", "{67DBE649-C725-4FE5-9469-529F359A28E5}"
EndProject
Project("{9A19103F-16F7-4668-BE54-9A1E7A4F7556}") = "Day14", "Day14\Day14.csproj", "{044DBBF2-0341-4126-B830-9C6FAAA9E030}"
EndProject
Project("{FAE04EC0-301F-11D3-BF4B-00C04F79EFBC}") = "Day16", "Day16\Day16.csproj", "{D89574A1-8A48-433E-8443-8E80370B01FD}"
EndProject
Global
	GlobalSection(SolutionConfigurationPlatforms) = preSolution
		Debug|Any CPU = Debug|Any CPU
		Release|Any CPU = Release|Any CPU
	EndGlobalSection
	GlobalSection(ProjectConfigurationPlatforms) = postSolution
		{A91158D7-AC88-4E53-9985-414DAFF47A1B}.Debug|Any CPU.ActiveCfg = Debug|Any CPU
		{A91158D7-AC88-4E53-9985-414DAFF47A1B}.Debug|Any CPU.Build.0 = Debug|Any CPU
		{A91158D7-AC88-4E53-9985-414DAFF47A1B}.Release|Any CPU.ActiveCfg = Release|Any CPU
		{A91158D7-AC88-4E53-9985-414DAFF47A1B}.Release|Any CPU.Build.0 = Release|Any CPU
		{9EB7D724-9E45-40F3-8008-CDC4D4D3D773}.Debug|Any CPU.ActiveCfg = Debug|Any CPU
		{9EB7D724-9E45-40F3-8008-CDC4D4D3D773}.Debug|Any CPU.Build.0 = Debug|Any CPU
		{9EB7D724-9E45-40F3-8008-CDC4D4D3D773}.Release|Any CPU.ActiveCfg = Release|Any CPU
		{9EB7D724-9E45-40F3-8008-CDC4D4D3D773}.Release|Any CPU.Build.0 = Release|Any CPU
		{8416D992-9A4E-419B-A010-015BFECC41D2}.Debug|Any CPU.ActiveCfg = Debug|Any CPU
		{8416D992-9A4E-419B-A010-015BFECC41D2}.Debug|Any CPU.Build.0 = Debug|Any CPU
		{8416D992-9A4E-419B-A010-015BFECC41D2}.Release|Any CPU.ActiveCfg = Release|Any CPU
		{8416D992-9A4E-419B-A010-015BFECC41D2}.Release|Any CPU.Build.0 = Release|Any CPU
		{32CB1388-3627-405D-9746-DDE9C44E8EC9}.Debug|Any CPU.ActiveCfg = Debug|Any CPU
		{32CB1388-3627-405D-9746-DDE9C44E8EC9}.Debug|Any CPU.Build.0 = Debug|Any CPU
		{32CB1388-3627-405D-9746-DDE9C44E8EC9}.Release|Any CPU.ActiveCfg = Release|Any CPU
		{32CB1388-3627-405D-9746-DDE9C44E8EC9}.Release|Any CPU.Build.0 = Release|Any CPU
		{8830F447-C289-4F02-A31E-AB4DCB774737}.Debug|Any CPU.ActiveCfg = Debug|Any CPU
		{8830F447-C289-4F02-A31E-AB4DCB774737}.Debug|Any CPU.Build.0 = Debug|Any CPU
		{8830F447-C289-4F02-A31E-AB4DCB774737}.Release|Any CPU.ActiveCfg = Release|Any CPU
		{8830F447-C289-4F02-A31E-AB4DCB774737}.Release|Any CPU.Build.0 = Release|Any CPU
		{1D31436B-E405-44E0-95A9-28A9B89D4240}.Debug|Any CPU.ActiveCfg = Debug|Any CPU
		{1D31436B-E405-44E0-95A9-28A9B89D4240}.Debug|Any CPU.Build.0 = Debug|Any CPU
		{1D31436B-E405-44E0-95A9-28A9B89D4240}.Release|Any CPU.ActiveCfg = Release|Any CPU
		{1D31436B-E405-44E0-95A9-28A9B89D4240}.Release|Any CPU.Build.0 = Release|Any CPU
		{43FC776C-9BD2-4888-9BAD-FCA8FCB61B64}.Debug|Any CPU.ActiveCfg = Debug|Any CPU
		{43FC776C-9BD2-4888-9BAD-FCA8FCB61B64}.Debug|Any CPU.Build.0 = Debug|Any CPU
		{43FC776C-9BD2-4888-9BAD-FCA8FCB61B64}.Release|Any CPU.ActiveCfg = Release|Any CPU
		{43FC776C-9BD2-4888-9BAD-FCA8FCB61B64}.Release|Any CPU.Build.0 = Release|Any CPU
		{060D97B7-6D9C-45B0-9C4E-9E16AB6EDC38}.Debug|Any CPU.ActiveCfg = Debug|Any CPU
		{060D97B7-6D9C-45B0-9C4E-9E16AB6EDC38}.Debug|Any CPU.Build.0 = Debug|Any CPU
		{060D97B7-6D9C-45B0-9C4E-9E16AB6EDC38}.Release|Any CPU.ActiveCfg = Release|Any CPU
		{060D97B7-6D9C-45B0-9C4E-9E16AB6EDC38}.Release|Any CPU.Build.0 = Release|Any CPU
		{FF7643B8-BA7C-42DD-8A60-3E7714B34CE1}.Debug|Any CPU.ActiveCfg = Debug|Any CPU
		{FF7643B8-BA7C-42DD-8A60-3E7714B34CE1}.Debug|Any CPU.Build.0 = Debug|Any CPU
		{FF7643B8-BA7C-42DD-8A60-3E7714B34CE1}.Release|Any CPU.ActiveCfg = Release|Any CPU
		{FF7643B8-BA7C-42DD-8A60-3E7714B34CE1}.Release|Any CPU.Build.0 = Release|Any CPU
		{6F1DE281-FB92-4449-9BCD-6B6A6D2024CB}.Debug|Any CPU.ActiveCfg = Debug|Any CPU
		{6F1DE281-FB92-4449-9BCD-6B6A6D2024CB}.Debug|Any CPU.Build.0 = Debug|Any CPU
		{6F1DE281-FB92-4449-9BCD-6B6A6D2024CB}.Release|Any CPU.ActiveCfg = Release|Any CPU
		{6F1DE281-FB92-4449-9BCD-6B6A6D2024CB}.Release|Any CPU.Build.0 = Release|Any CPU
		{ABDC0AF8-ED00-4CAE-9C11-DF1020ACB39E}.Debug|Any CPU.ActiveCfg = Debug|Any CPU
		{ABDC0AF8-ED00-4CAE-9C11-DF1020ACB39E}.Debug|Any CPU.Build.0 = Debug|Any CPU
		{ABDC0AF8-ED00-4CAE-9C11-DF1020ACB39E}.Release|Any CPU.ActiveCfg = Release|Any CPU
		{ABDC0AF8-ED00-4CAE-9C11-DF1020ACB39E}.Release|Any CPU.Build.0 = Release|Any CPU
		{35C11CB9-3CEE-4C7A-8F79-C1E3DFA0ED9D}.Debug|Any CPU.ActiveCfg = Debug|Any CPU
		{35C11CB9-3CEE-4C7A-8F79-C1E3DFA0ED9D}.Debug|Any CPU.Build.0 = Debug|Any CPU
		{35C11CB9-3CEE-4C7A-8F79-C1E3DFA0ED9D}.Release|Any CPU.ActiveCfg = Release|Any CPU
		{35C11CB9-3CEE-4C7A-8F79-C1E3DFA0ED9D}.Release|Any CPU.Build.0 = Release|Any CPU
		{F3D99536-D6DF-4DCA-B06C-B4D63BB2CC1B}.Debug|Any CPU.ActiveCfg = Debug|Any CPU
		{F3D99536-D6DF-4DCA-B06C-B4D63BB2CC1B}.Debug|Any CPU.Build.0 = Debug|Any CPU
		{F3D99536-D6DF-4DCA-B06C-B4D63BB2CC1B}.Release|Any CPU.ActiveCfg = Release|Any CPU
		{F3D99536-D6DF-4DCA-B06C-B4D63BB2CC1B}.Release|Any CPU.Build.0 = Release|Any CPU
		{67DBE649-C725-4FE5-9469-529F359A28E5}.Debug|Any CPU.ActiveCfg = Debug|Any CPU
		{67DBE649-C725-4FE5-9469-529F359A28E5}.Debug|Any CPU.Build.0 = Debug|Any CPU
		{67DBE649-C725-4FE5-9469-529F359A28E5}.Release|Any CPU.ActiveCfg = Release|Any CPU
		{67DBE649-C725-4FE5-9469-529F359A28E5}.Release|Any CPU.Build.0 = Release|Any CPU
		{044DBBF2-0341-4126-B830-9C6FAAA9E030}.Debug|Any CPU.ActiveCfg = Debug|Any CPU
		{044DBBF2-0341-4126-B830-9C6FAAA9E030}.Debug|Any CPU.Build.0 = Debug|Any CPU
		{044DBBF2-0341-4126-B830-9C6FAAA9E030}.Release|Any CPU.ActiveCfg = Release|Any CPU
		{044DBBF2-0341-4126-B830-9C6FAAA9E030}.Release|Any CPU.Build.0 = Release|Any CPU
		{D89574A1-8A48-433E-8443-8E80370B01FD}.Debug|Any CPU.ActiveCfg = Debug|Any CPU
		{D89574A1-8A48-433E-8443-8E80370B01FD}.Debug|Any CPU.Build.0 = Debug|Any CPU
		{D89574A1-8A48-433E-8443-8E80370B01FD}.Release|Any CPU.ActiveCfg = Release|Any CPU
		{D89574A1-8A48-433E-8443-8E80370B01FD}.Release|Any CPU.Build.0 = Release|Any CPU
	EndGlobalSection
	GlobalSection(SolutionProperties) = preSolution
		HideSolutionNode = FALSE
	EndGlobalSection
	GlobalSection(ExtensibilityGlobals) = postSolution
		SolutionGuid = {B301F167-170C-4F05-98F8-C53BF64A50D1}
	EndGlobalSection
EndGlobal
